
Microsoft Visual Studio Solution File, Format Version 12.00
# Visual Studio Version 17
VisualStudioVersion = 17.7.34202.233
MinimumVisualStudioVersion = 10.0.40219.1
Project("{FAE04EC0-301F-11D3-BF4B-00C04F79EFBC}") = "Blog API", "Blog API\Blog API.csproj", "{0EFB5B15-FC51-4D6D-8920-D9EC7BBB1B38}"
EndProject
Global
	GlobalSection(SolutionConfigurationPlatforms) = preSolution
		Debug|Any CPU = Debug|Any CPU
		Release|Any CPU = Release|Any CPU
	EndGlobalSection
	GlobalSection(ProjectConfigurationPlatforms) = postSolution
		{0EFB5B15-FC51-4D6D-8920-D9EC7BBB1B38}.Debug|Any CPU.ActiveCfg = Debug|Any CPU
		{0EFB5B15-FC51-4D6D-8920-D9EC7BBB1B38}.Debug|Any CPU.Build.0 = Debug|Any CPU
		{0EFB5B15-FC51-4D6D-8920-D9EC7BBB1B38}.Release|Any CPU.ActiveCfg = Release|Any CPU
		{0EFB5B15-FC51-4D6D-8920-D9EC7BBB1B38}.Release|Any CPU.Build.0 = Release|Any CPU
	EndGlobalSection
	GlobalSection(SolutionProperties) = preSolution
		HideSolutionNode = FALSE
	EndGlobalSection
	GlobalSection(ExtensibilityGlobals) = postSolution
		SolutionGuid = {F380B0E8-A07E-4A0E-B741-FCA8B137A2A7}
	EndGlobalSection
EndGlobal
